
Microsoft Visual Studio Solution File, Format Version 12.00
# Visual Studio Version 17
VisualStudioVersion = 17.14.36414.22 d17.14
MinimumVisualStudioVersion = 10.0.40219.1
Project("{FAE04EC0-301F-11D3-BF4B-00C04F79EFBC}") = "WebApplication_Digimedia_F", "WebApplication_Digimedia_F\WebApplication_Digimedia_F.csproj", "{63703644-D689-4566-A8D5-3F81F0804C68}"
EndProject
Global
	GlobalSection(SolutionConfigurationPlatforms) = preSolution
		Debug|Any CPU = Debug|Any CPU
		Release|Any CPU = Release|Any CPU
	EndGlobalSection
	GlobalSection(ProjectConfigurationPlatforms) = postSolution
		{63703644-D689-4566-A8D5-3F81F0804C68}.Debug|Any CPU.ActiveCfg = Debug|Any CPU
		{63703644-D689-4566-A8D5-3F81F0804C68}.Debug|Any CPU.Build.0 = Debug|Any CPU
		{63703644-D689-4566-A8D5-3F81F0804C68}.Release|Any CPU.ActiveCfg = Release|Any CPU
		{63703644-D689-4566-A8D5-3F81F0804C68}.Release|Any CPU.Build.0 = Release|Any CPU
	EndGlobalSection
	GlobalSection(SolutionProperties) = preSolution
		HideSolutionNode = FALSE
	EndGlobalSection
	GlobalSection(ExtensibilityGlobals) = postSolution
		SolutionGuid = {025351AD-B114-41DF-874D-9AE8AF258EB2}
	EndGlobalSection
EndGlobal
